# -------------------------------------------------------------------------- #
#
# Copyright (C) 2025  Altera Corporation. All rights reserved.
# Your use of Altera Corporation's design tools, logic functions 
# and other software and tools, and any partner logic 
# functions, and any output files from any of the foregoing 
# (including device programming or simulation files), and any 
# associated documentation or information are expressly subject 
# to the terms and conditions of the Altera Program License 
# Subscription Agreement, the Altera Quartus Prime License Agreement,
# the Altera IP License Agreement, or other applicable license
# agreement, including, without limitation, that your use is for
# the sole purpose of programming logic devices manufactured by
# Altera and sold by Altera or its authorized distributors.  Please
# refer to the Altera Software License Subscription Agreements 
# on the Quartus Prime software download page.
#
# -------------------------------------------------------------------------- #
#
# Quartus Prime
# Version 25.1std.0 Build 1129 10/21/2025 SC Lite Edition
# Date created = 09:18:26  October 06, 2026
#
# -------------------------------------------------------------------------- #
#
# Notes:
#
# 1) The default values for assignments are stored in the file:
#		kompetisi_chip_peruri_pulseai_assignment_defaults.qdf
#    If this file doesn't exist, see file:
#		assignment_defaults.qdf
#
# 2) Intel recommends that you do not modify this file. This
#    file is updated automatically by the Quartus Prime software
#    and any changes you make may be lost or overwritten.
#
# -------------------------------------------------------------------------- #


set_global_assignment -name FAMILY "MAX 10"
set_global_assignment -name DEVICE 10M08SCE144I7G
set_global_assignment -name TOP_LEVEL_ENTITY ili9488_top
set_global_assignment -name ORIGINAL_QUARTUS_VERSION 25.1STD.0
set_global_assignment -name PROJECT_CREATION_TIME_DATE "09:18:26  OCTOBER 06, 2026"
set_global_assignment -name LAST_QUARTUS_VERSION "25.1std.0 Lite Edition"
set_global_assignment -name PROJECT_OUTPUT_DIRECTORY output_files
set_global_assignment -name MIN_CORE_JUNCTION_TEMP "-40"
set_global_assignment -name MAX_CORE_JUNCTION_TEMP 100
set_global_assignment -name DEVICE_FILTER_PACKAGE "ANY QFP"
set_global_assignment -name DEVICE_FILTER_PIN_COUNT 144
set_global_assignment -name ERROR_CHECK_FREQUENCY_DIVISOR 256
set_global_assignment -name EDA_SIMULATION_TOOL "Questa Altera FPGA (SystemVerilog)"
set_global_assignment -name EDA_TIME_SCALE "1 ps" -section_id eda_simulation
set_global_assignment -name EDA_OUTPUT_DATA_FORMAT "SYSTEMVERILOG HDL" -section_id eda_simulation
set_global_assignment -name EDA_GENERATE_FUNCTIONAL_NETLIST OFF -section_id eda_board_design_timing
set_global_assignment -name EDA_GENERATE_FUNCTIONAL_NETLIST OFF -section_id eda_board_design_symbol
set_global_assignment -name EDA_GENERATE_FUNCTIONAL_NETLIST OFF -section_id eda_board_design_signal_integrity
set_global_assignment -name EDA_GENERATE_FUNCTIONAL_NETLIST OFF -section_id eda_board_design_boundary_scan
set_global_assignment -name SYSTEMVERILOG_FILE ili9488_top.sv
set_global_assignment -name POWER_PRESET_COOLING_SOLUTION "23 MM HEAT SINK WITH 200 LFPM AIRFLOW"
set_global_assignment -name POWER_BOARD_THERMAL_MODEL "NONE (CONSERVATIVE)"
set_global_assignment -name FLOW_ENABLE_POWER_ANALYZER ON
set_global_assignment -name POWER_DEFAULT_INPUT_IO_TOGGLE_RATE "12.5 %"
set_global_assignment -name PARTITION_NETLIST_TYPE SOURCE -section_id Top
set_global_assignment -name PARTITION_FITTER_PRESERVATION_LEVEL PLACEMENT_AND_ROUTING -section_id Top
set_global_assignment -name PARTITION_COLOR 16764057 -section_id Top
set_location_assignment PIN_27 -to clk_50mhz
set_location_assignment PIN_87 -to btn_rst
set_location_assignment PIN_92 -to led_pin
set_location_assignment PIN_93 -to ili_miso
set_location_assignment PIN_97 -to ili_led
set_location_assignment PIN_99 -to ili_sck
set_location_assignment PIN_101 -to ili_mosi
set_location_assignment PIN_105 -to ili_dc
set_location_assignment PIN_110 -to ili_rst
set_location_assignment PIN_112 -to ili_cs
set_global_assignment -name SYSTEMVERILOG_FILE tb_ili9488_top.sv
set_global_assignment -name EDA_TEST_BENCH_ENABLE_STATUS TEST_BENCH_MODE -section_id eda_simulation
set_global_assignment -name EDA_NATIVELINK_SIMULATION_TEST_BENCH tb_ili9488_top -section_id eda_simulation
set_global_assignment -name EDA_TEST_BENCH_NAME tb_ili9488_top -section_id eda_simulation
set_global_assignment -name EDA_DESIGN_INSTANCE_NAME NA -section_id tb_ili9488_top
set_global_assignment -name EDA_TEST_BENCH_MODULE_NAME tb_ili9488_top -section_id tb_ili9488_top
set_global_assignment -name EDA_TEST_BENCH_FILE tb_ili9488_top.sv -section_id tb_ili9488_top -hdl_version SystemVerilog_2005
set_global_assignment -name SYSTEMVERILOG_FILE ov7670_i2c.sv
set_global_assignment -name SYSTEMVERILOG_FILE ov7670_capture.sv
set_location_assignment PIN_96 -to cam_scl
set_location_assignment PIN_120 -to cam_sda
set_location_assignment PIN_98 -to cam_vs
set_location_assignment PIN_124 -to cam_xclk
set_location_assignment PIN_118 -to cam_ret
set_location_assignment PIN_138 -to cam_pwdn
set_location_assignment PIN_100 -to cam_pclk
set_location_assignment PIN_122 -to cam_hs
set_location_assignment PIN_135 -to cam_d[0]
set_location_assignment PIN_132 -to cam_d[2]
set_location_assignment PIN_130 -to cam_d[4]
set_location_assignment PIN_127 -to cam_d[6]
set_location_assignment PIN_113 -to cam_d[1]
set_location_assignment PIN_111 -to cam_d[3]
set_location_assignment PIN_106 -to cam_d[5]
set_location_assignment PIN_102 -to cam_d[7]
set_global_assignment -name ENABLE_CONFIGURATION_PINS OFF
set_global_assignment -name ENABLE_BOOT_SEL_PIN OFF
set_instance_assignment -name PARTITION_HIERARCHY root_partition -to | -section_id Top